
Microsoft Visual Studio Solution File, Format Version 12.00
# Visual Studio 15
VisualStudioVersion = 15.0.27004.2009
MinimumVisualStudioVersion = 10.0.40219.1
Project("{FAE04EC0-301F-11D3-BF4B-00C04F79EFBC}") = "FirstASPApp", "FirstASPApp\FirstASPApp.csproj", "{379622EE-BB59-4B98-BC29-10E9403CC524}"
EndProject
Global
	GlobalSection(SolutionConfigurationPlatforms) = preSolution
		Debug|Any CPU = Debug|Any CPU
		Release|Any CPU = Release|Any CPU
	EndGlobalSection
	GlobalSection(ProjectConfigurationPlatforms) = postSolution
		{379622EE-BB59-4B98-BC29-10E9403CC524}.Debug|Any CPU.ActiveCfg = Debug|Any CPU
		{379622EE-BB59-4B98-BC29-10E9403CC524}.Debug|Any CPU.Build.0 = Debug|Any CPU
		{379622EE-BB59-4B98-BC29-10E9403CC524}.Release|Any CPU.ActiveCfg = Release|Any CPU
		{379622EE-BB59-4B98-BC29-10E9403CC524}.Release|Any CPU.Build.0 = Release|Any CPU
	EndGlobalSection
	GlobalSection(SolutionProperties) = preSolution
		HideSolutionNode = FALSE
	EndGlobalSection
	GlobalSection(ExtensibilityGlobals) = postSolution
		SolutionGuid = {30618E11-F115-4247-9659-77DBD591CA7E}
	EndGlobalSection
EndGlobal
