
Microsoft Visual Studio Solution File, Format Version 12.00
# Visual Studio 15
VisualStudioVersion = 15.0.27004.2009
MinimumVisualStudioVersion = 10.0.40219.1
Project("{FAE04EC0-301F-11D3-BF4B-00C04F79EFBC}") = "ASPBasicStateManagement", "ASPBasicStateManagement\ASPBasicStateManagement.csproj", "{21692B3E-D39D-4B80-9A01-E94BE581BC5A}"
EndProject
Global
	GlobalSection(SolutionConfigurationPlatforms) = preSolution
		Debug|Any CPU = Debug|Any CPU
		Release|Any CPU = Release|Any CPU
	EndGlobalSection
	GlobalSection(ProjectConfigurationPlatforms) = postSolution
		{21692B3E-D39D-4B80-9A01-E94BE581BC5A}.Debug|Any CPU.ActiveCfg = Debug|Any CPU
		{21692B3E-D39D-4B80-9A01-E94BE581BC5A}.Debug|Any CPU.Build.0 = Debug|Any CPU
		{21692B3E-D39D-4B80-9A01-E94BE581BC5A}.Release|Any CPU.ActiveCfg = Release|Any CPU
		{21692B3E-D39D-4B80-9A01-E94BE581BC5A}.Release|Any CPU.Build.0 = Release|Any CPU
	EndGlobalSection
	GlobalSection(SolutionProperties) = preSolution
		HideSolutionNode = FALSE
	EndGlobalSection
	GlobalSection(ExtensibilityGlobals) = postSolution
		SolutionGuid = {1C08AEA0-2338-421A-B7E8-67E8DD8A2BCD}
	EndGlobalSection
EndGlobal
